<?xml version="1.0" encoding="utf-8"?>
<Project ToolsVersion="4.0" xmlns="http://schemas.microsoft.com/developer/msbuild/2003">
  <ItemGroup>
    <Filter Include="Source Files">
      <UniqueIdentifier>{08721850-12fd-49fa-b1cd-bd51e5f1615e}</UniqueIdentifier>
      <Extensions>cpp;c;cxx;rc;def;r;odl;idl;hpj;bat</Extensions>
    </Filter>
    <Filter Include="Header Files">
      <UniqueIdentifier>{a7afa621-4aa3-4a0f-8642-fc08c67fcf90}</UniqueIdentifier>
      <Extensions>h;hpp;hxx;hm;inl</Extensions>
    </Filter>
    <Filter Include="Resource Files">
      <UniqueIdentifier>{b161ca8d-9816-483d-86b0-9a3173be4ce4}</UniqueIdentifier>
      <Extensions>ico;cur;bmp;dlg;rc2;rct;bin;rgs;gif;jpg;jpeg;jpe</Extensions>
    </Filter>
  </ItemGroup>
  <ItemGroup>
    <ClCompile Include="..\..\..\apps\of_dcmps\MLMPPS.cpp">
      <Filter>Source Files</Filter>
    </ClCompile>
    <ClCompile Include="..\..\..\apps\of_dcmps\MLQuery.cpp">
      <Filter>Source Files</Filter>
    </ClCompile>
    <ClCompile Include="..\..\..\apps\of_dcmps\MLStorageCommitment.cpp">
      <Filter>Source Files</Filter>
    </ClCompile>
    <ClCompile Include="..\..\..\apps\of_dcmps\of_dcmps.cpp">
      <Filter>Source Files</Filter>
    </ClCompile>
    <ClCompile Include="..\..\..\apps\of_dcmps\sscond.cpp">
      <Filter>Source Files</Filter>
    </ClCompile>
  </ItemGroup>
  <ItemGroup>
    <ClInclude Include="..\..\..\apps\of_dcmps\MLMPPS.hpp">
      <Filter>Header Files</Filter>
    </ClInclude>
    <ClInclude Include="..\..\..\apps\of_dcmps\MLQuery.hpp">
      <Filter>Header Files</Filter>
    </ClInclude>
    <ClInclude Include="..\..\..\apps\of_dcmps\MLStorageCommitment.hpp">
      <Filter>Header Files</Filter>
    </ClInclude>
    <ClInclude Include="..\..\..\apps\of_dcmps\of_dcmps.h">
      <Filter>Header Files</Filter>
    </ClInclude>
  </ItemGroup>
</Project>